
Microsoft Visual Studio Solution File, Format Version 12.00
# Visual Studio 14
VisualStudioVersion = 14.0.25420.1
MinimumVisualStudioVersion = 10.0.40219.1
Project("{FAE04EC0-301F-11D3-BF4B-00C04F79EFBC}") = "ConsoleApplication_cs", "ConsoleApplication_cs\ConsoleApplication_cs.csproj", "{93269478-05E2-45D8-B1A1-5A877C5EABF4}"
EndProject
Global
	GlobalSection(SolutionConfigurationPlatforms) = preSolution
		Debug|Any CPU = Debug|Any CPU
		Release|Any CPU = Release|Any CPU
	EndGlobalSection
	GlobalSection(ProjectConfigurationPlatforms) = postSolution
		{93269478-05E2-45D8-B1A1-5A877C5EABF4}.Debug|Any CPU.ActiveCfg = Debug|Any CPU
		{93269478-05E2-45D8-B1A1-5A877C5EABF4}.Debug|Any CPU.Build.0 = Debug|Any CPU
		{93269478-05E2-45D8-B1A1-5A877C5EABF4}.Release|Any CPU.ActiveCfg = Release|Any CPU
		{93269478-05E2-45D8-B1A1-5A877C5EABF4}.Release|Any CPU.Build.0 = Release|Any CPU
	EndGlobalSection
	GlobalSection(SolutionProperties) = preSolution
		HideSolutionNode = FALSE
	EndGlobalSection
EndGlobal
